// !$*UTF8*$!
{
	archiveVersion = 1;
	classes = {
	};
	objectVersion = 56;
	objects = {

/* Begin PBXBuildFile section */
		840DDD5D2A6EAAA400CDE18B /* AppDelegate.swift in Sources */ = {isa = PBXBuildFile; fileRef = 840DDD5C2A6EAAA400CDE18B /* AppDelegate.swift */; };
		840DDD5F2A6EAAA400CDE18B /* SceneDelegate.swift in Sources */ = {isa = PBXBuildFile; fileRef = 840DDD5E2A6EAAA400CDE18B /* SceneDelegate.swift */; };
		840DDD612A6EAAA400CDE18B /* HomeController.swift in Sources */ = {isa = PBXBuildFile; fileRef = 840DDD602A6EAAA400CDE18B /* HomeController.swift */; };
		840DDD662A6EAAA500CDE18B /* Assets.xcassets in Resources */ = {isa = PBXBuildFile; fileRef = 840DDD652A6EAAA500CDE18B /* Assets.xcassets */; };
		840DDD692A6EAAA500CDE18B /* LaunchScreen.storyboard in Resources */ = {isa = PBXBuildFile; fileRef = 840DDD672A6EAAA500CDE18B /* LaunchScreen.storyboard */; };
		840DDD722A6EAEC300CDE18B /* Constants.swift in Sources */ = {isa = PBXBuildFile; fileRef = 840DDD712A6EAEC300CDE18B /* Constants.swift */; };
		8420EA732A710B6E006AC806 /* CoinError.swift in Sources */ = {isa = PBXBuildFile; fileRef = 8420EA722A710B6E006AC806 /* CoinError.swift */; };
		8420EA752A7141E2006AC806 /* HTTP.swift in Sources */ = {isa = PBXBuildFile; fileRef = 8420EA742A7141E2006AC806 /* HTTP.swift */; };
		8437B4B82A6FBB4F006991CD /* CoinModel.swift in Sources */ = {isa = PBXBuildFile; fileRef = 8437B4B72A6FBB4F006991CD /* CoinModel.swift */; };
		8437B4BA2A6FBDE5006991CD /* CoinCell.swift in Sources */ = {isa = PBXBuildFile; fileRef = 8437B4B92A6FBDE5006991CD /* CoinCell.swift */; };
		8437B4BF2A6FE565006991CD /* CryptoController.swift in Sources */ = {isa = PBXBuildFile; fileRef = 8437B4BE2A6FE565006991CD /* CryptoController.swift */; };
		8437B4C12A701217006991CD /* CryptoControllerViewModel.swift in Sources */ = {isa = PBXBuildFile; fileRef = 8437B4C02A701217006991CD /* CryptoControllerViewModel.swift */; };
		844071392A7150A2009B77E2 /* Endpoint.swift in Sources */ = {isa = PBXBuildFile; fileRef = 844071382A7150A2009B77E2 /* Endpoint.swift */; };
		8440713B2A716934009B77E2 /* CoinService.swift in Sources */ = {isa = PBXBuildFile; fileRef = 8440713A2A716934009B77E2 /* CoinService.swift */; };
		8440713D2A718246009B77E2 /* HomeControllerViewModel.swift in Sources */ = {isa = PBXBuildFile; fileRef = 8440713C2A718246009B77E2 /* HomeControllerViewModel.swift */; };
		848CA8482A72BD21007224CA /* SDWebImage in Frameworks */ = {isa = PBXBuildFile; productRef = 848CA8472A72BD21007224CA /* SDWebImage */; };
/* End PBXBuildFile section */

/* Begin PBXFileReference section */
		840DDD592A6EAAA400CDE18B /* iCrypto.app */ = {isa = PBXFileReference; explicitFileType = wrapper.application; includeInIndex = 0; path = iCrypto.app; sourceTree = BUILT_PRODUCTS_DIR; };
		840DDD5C2A6EAAA400CDE18B /* AppDelegate.swift */ = {isa = PBXFileReference; lastKnownFileType = sourcecode.swift; path = AppDelegate.swift; sourceTree = "<group>"; };
		840DDD5E2A6EAAA400CDE18B /* SceneDelegate.swift */ = {isa = PBXFileReference; lastKnownFileType = sourcecode.swift; path = SceneDelegate.swift; sourceTree = "<group>"; };
		840DDD602A6EAAA400CDE18B /* HomeController.swift */ = {isa = PBXFileReference; lastKnownFileType = sourcecode.swift; path = HomeController.swift; sourceTree = "<group>"; };
		840DDD652A6EAAA500CDE18B /* Assets.xcassets */ = {isa = PBXFileReference; lastKnownFileType = folder.assetcatalog; path = Assets.xcassets; sourceTree = "<group>"; };
		840DDD682A6EAAA500CDE18B /* Base */ = {isa = PBXFileReference; lastKnownFileType = file.storyboard; name = Base; path = Base.lproj/LaunchScreen.storyboard; sourceTree = "<group>"; };
		840DDD6A2A6EAAA500CDE18B /* Info.plist */ = {isa = PBXFileReference; lastKnownFileType = text.plist.xml; path = Info.plist; sourceTree = "<group>"; };
		840DDD712A6EAEC300CDE18B /* Constants.swift */ = {isa = PBXFileReference; lastKnownFileType = sourcecode.swift; path = Constants.swift; sourceTree = "<group>"; };
		8420EA722A710B6E006AC806 /* CoinError.swift */ = {isa = PBXFileReference; lastKnownFileType = sourcecode.swift; path = CoinError.swift; sourceTree = "<group>"; };
		8420EA742A7141E2006AC806 /* HTTP.swift */ = {isa = PBXFileReference; lastKnownFileType = sourcecode.swift; path = HTTP.swift; sourceTree = "<group>"; };
		8437B4B72A6FBB4F006991CD /* CoinModel.swift */ = {isa = PBXFileReference; lastKnownFileType = sourcecode.swift; path = CoinModel.swift; sourceTree = "<group>"; };
		8437B4B92A6FBDE5006991CD /* CoinCell.swift */ = {isa = PBXFileReference; lastKnownFileType = sourcecode.swift; path = CoinCell.swift; sourceTree = "<group>"; };
		8437B4BE2A6FE565006991CD /* CryptoController.swift */ = {isa = PBXFileReference; lastKnownFileType = sourcecode.swift; path = CryptoController.swift; sourceTree = "<group>"; };
		8437B4C02A701217006991CD /* CryptoControllerViewModel.swift */ = {isa = PBXFileReference; lastKnownFileType = sourcecode.swift; path = CryptoControllerViewModel.swift; sourceTree = "<group>"; };
		844071382A7150A2009B77E2 /* Endpoint.swift */ = {isa = PBXFileReference; lastKnownFileType = sourcecode.swift; path = Endpoint.swift; sourceTree = "<group>"; };
		8440713A2A716934009B77E2 /* CoinService.swift */ = {isa = PBXFileReference; lastKnownFileType = sourcecode.swift; path = CoinService.swift; sourceTree = "<group>"; };
		8440713C2A718246009B77E2 /* HomeControllerViewModel.swift */ = {isa = PBXFileReference; lastKnownFileType = sourcecode.swift; path = HomeControllerViewModel.swift; sourceTree = "<group>"; };
/* End PBXFileReference section */

/* Begin PBXFrameworksBuildPhase section */
		840DDD562A6EAAA400CDE18B /* Frameworks */ = {
			isa = PBXFrameworksBuildPhase;
			buildActionMask = 2147483647;
			files = (
				848CA8482A72BD21007224CA /* SDWebImage in Frameworks */,
			);
			runOnlyForDeploymentPostprocessing = 0;
		};
/* End PBXFrameworksBuildPhase section */

/* Begin PBXGroup section */
		840DDD502A6EAAA400CDE18B = {
			isa = PBXGroup;
			children = (
				840DDD5B2A6EAAA400CDE18B /* iCrypto */,
				840DDD5A2A6EAAA400CDE18B /* Products */,
			);
			sourceTree = "<group>";
		};
		840DDD5A2A6EAAA400CDE18B /* Products */ = {
			isa = PBXGroup;
			children = (
				840DDD592A6EAAA400CDE18B /* iCrypto.app */,
			);
			name = Products;
			sourceTree = "<group>";
		};
		840DDD5B2A6EAAA400CDE18B /* iCrypto */ = {
			isa = PBXGroup;
			children = (
				840DDD702A6EAE5000CDE18B /* Application */,
				8437B4BD2A6FBE02006991CD /* Controller */,
				8437B4BC2A6FBDF8006991CD /* View */,
				848CA8492A72DBB7007224CA /* Supporting */,
				8420EA762A7141E6006AC806 /* API */,
				8437B4C22A70121A006991CD /* ViewModel */,
				8437B4BB2A6FBDE9006991CD /* Models */,
				840DDD6A2A6EAAA500CDE18B /* Info.plist */,
			);
			path = iCrypto;
			sourceTree = "<group>";
		};
		840DDD702A6EAE5000CDE18B /* Application */ = {
			isa = PBXGroup;
			children = (
				840DDD5C2A6EAAA400CDE18B /* AppDelegate.swift */,
				840DDD5E2A6EAAA400CDE18B /* SceneDelegate.swift */,
			);
			path = Application;
			sourceTree = "<group>";
		};
		8420EA762A7141E6006AC806 /* API */ = {
			isa = PBXGroup;
			children = (
				8420EA742A7141E2006AC806 /* HTTP.swift */,
				844071382A7150A2009B77E2 /* Endpoint.swift */,
				8440713A2A716934009B77E2 /* CoinService.swift */,
			);
			path = API;
			sourceTree = "<group>";
		};
		8437B4BB2A6FBDE9006991CD /* Models */ = {
			isa = PBXGroup;
			children = (
				8437B4B72A6FBB4F006991CD /* CoinModel.swift */,
				8420EA722A710B6E006AC806 /* CoinError.swift */,
			);
			path = Models;
			sourceTree = "<group>";
		};
		8437B4BC2A6FBDF8006991CD /* View */ = {
			isa = PBXGroup;
			children = (
				8437B4B92A6FBDE5006991CD /* CoinCell.swift */,
			);
			path = View;
			sourceTree = "<group>";
		};
		8437B4BD2A6FBE02006991CD /* Controller */ = {
			isa = PBXGroup;
			children = (
				840DDD602A6EAAA400CDE18B /* HomeController.swift */,
				8437B4BE2A6FE565006991CD /* CryptoController.swift */,
			);
			path = Controller;
			sourceTree = "<group>";
		};
		8437B4C22A70121A006991CD /* ViewModel */ = {
			isa = PBXGroup;
			children = (
				8437B4C02A701217006991CD /* CryptoControllerViewModel.swift */,
				8440713C2A718246009B77E2 /* HomeControllerViewModel.swift */,
			);
			path = ViewModel;
			sourceTree = "<group>";
		};
		848CA8492A72DBB7007224CA /* Supporting */ = {
			isa = PBXGroup;
			children = (
				840DDD652A6EAAA500CDE18B /* Assets.xcassets */,
				840DDD672A6EAAA500CDE18B /* LaunchScreen.storyboard */,
				840DDD712A6EAEC300CDE18B /* Constants.swift */,
			);
			path = Supporting;
			sourceTree = "<group>";
		};
/* End PBXGroup section */

/* Begin PBXNativeTarget section */
		840DDD582A6EAAA400CDE18B /* iCrypto */ = {
			isa = PBXNativeTarget;
			buildConfigurationList = 840DDD6D2A6EAAA500CDE18B /* Build configuration list for PBXNativeTarget "iCrypto" */;
			buildPhases = (
				840DDD552A6EAAA400CDE18B /* Sources */,
				840DDD562A6EAAA400CDE18B /* Frameworks */,
				840DDD572A6EAAA400CDE18B /* Resources */,
			);
			buildRules = (
			);
			dependencies = (
			);
			name = iCrypto;
			packageProductDependencies = (
				848CA8472A72BD21007224CA /* SDWebImage */,
			);
			productName = iCrypto;
			productReference = 840DDD592A6EAAA400CDE18B /* iCrypto.app */;
			productType = "com.apple.product-type.application";
		};
/* End PBXNativeTarget section */

/* Begin PBXProject section */
		840DDD512A6EAAA400CDE18B /* Project object */ = {
			isa = PBXProject;
			attributes = {
				BuildIndependentTargetsInParallel = 1;
				LastSwiftUpdateCheck = 1430;
				LastUpgradeCheck = 1430;
				TargetAttributes = {
					840DDD582A6EAAA400CDE18B = {
						CreatedOnToolsVersion = 14.3;
					};
				};
			};
			buildConfigurationList = 840DDD542A6EAAA400CDE18B /* Build configuration list for PBXProject "iCrypto" */;
			compatibilityVersion = "Xcode 14.0";
			developmentRegion = en;
			hasScannedForEncodings = 0;
			knownRegions = (
				en,
				Base,
			);
			mainGroup = 840DDD502A6EAAA400CDE18B;
			packageReferences = (
				848CA8462A72BD21007224CA /* XCRemoteSwiftPackageReference "SDWebImage" */,
			);
			productRefGroup = 840DDD5A2A6EAAA400CDE18B /* Products */;
			projectDirPath = "";
			projectRoot = "";
			targets = (
				840DDD582A6EAAA400CDE18B /* iCrypto */,
			);
		};
/* End PBXProject section */

/* Begin PBXResourcesBuildPhase section */
		840DDD572A6EAAA400CDE18B /* Resources */ = {
			isa = PBXResourcesBuildPhase;
			buildActionMask = 2147483647;
			files = (
				840DDD692A6EAAA500CDE18B /* LaunchScreen.storyboard in Resources */,
				840DDD662A6EAAA500CDE18B /* Assets.xcassets in Resources */,
			);
			runOnlyForDeploymentPostprocessing = 0;
		};
/* End PBXResourcesBuildPhase section */

/* Begin PBXSourcesBuildPhase section */
		840DDD552A6EAAA400CDE18B /* Sources */ = {
			isa = PBXSourcesBuildPhase;
			buildActionMask = 2147483647;
			files = (
				8437B4BF2A6FE565006991CD /* CryptoController.swift in Sources */,
				8437B4B82A6FBB4F006991CD /* CoinModel.swift in Sources */,
				840DDD612A6EAAA400CDE18B /* HomeController.swift in Sources */,
				8437B4C12A701217006991CD /* CryptoControllerViewModel.swift in Sources */,
				840DDD5D2A6EAAA400CDE18B /* AppDelegate.swift in Sources */,
				8420EA752A7141E2006AC806 /* HTTP.swift in Sources */,
				8420EA732A710B6E006AC806 /* CoinError.swift in Sources */,
				840DDD5F2A6EAAA400CDE18B /* SceneDelegate.swift in Sources */,
				8440713D2A718246009B77E2 /* HomeControllerViewModel.swift in Sources */,
				8437B4BA2A6FBDE5006991CD /* CoinCell.swift in Sources */,
				844071392A7150A2009B77E2 /* Endpoint.swift in Sources */,
				8440713B2A716934009B77E2 /* CoinService.swift in Sources */,
				840DDD722A6EAEC300CDE18B /* Constants.swift in Sources */,
			);
			runOnlyForDeploymentPostprocessing = 0;
		};
/* End PBXSourcesBuildPhase section */

/* Begin PBXVariantGroup section */
		840DDD672A6EAAA500CDE18B /* LaunchScreen.storyboard */ = {
			isa = PBXVariantGroup;
			children = (
				840DDD682A6EAAA500CDE18B /* Base */,
			);
			name = LaunchScreen.storyboard;
			sourceTree = "<group>";
		};
/* End PBXVariantGroup section */

/* Begin XCBuildConfiguration section */
		840DDD6B2A6EAAA500CDE18B /* Debug */ = {
			isa = XCBuildConfiguration;
			buildSettings = {
				ALWAYS_SEARCH_USER_PATHS = NO;
				CLANG_ANALYZER_NONNULL = YES;
				CLANG_ANALYZER_NUMBER_OBJECT_CONVERSION = YES_AGGRESSIVE;
				CLANG_CXX_LANGUAGE_STANDARD = "gnu++20";
				CLANG_ENABLE_MODULES = YES;
				CLANG_ENABLE_OBJC_ARC = YES;
				CLANG_ENABLE_OBJC_WEAK = YES;
				CLANG_WARN_BLOCK_CAPTURE_AUTORELEASING = YES;
				CLANG_WARN_BOOL_CONVERSION = YES;
				CLANG_WARN_COMMA = YES;
				CLANG_WARN_CONSTANT_CONVERSION = YES;
				CLANG_WARN_DEPRECATED_OBJC_IMPLEMENTATIONS = YES;
				CLANG_WARN_DIRECT_OBJC_ISA_USAGE = YES_ERROR;
				CLANG_WARN_DOCUMENTATION_COMMENTS = YES;
				CLANG_WARN_EMPTY_BODY = YES;
				CLANG_WARN_ENUM_CONVERSION = YES;
				CLANG_WARN_INFINITE_RECURSION = YES;
				CLANG_WARN_INT_CONVERSION = YES;
				CLANG_WARN_NON_LITERAL_NULL_CONVERSION = YES;
				CLANG_WARN_OBJC_IMPLICIT_RETAIN_SELF = YES;
				CLANG_WARN_OBJC_LITERAL_CONVERSION = YES;
				CLANG_WARN_OBJC_ROOT_CLASS = YES_ERROR;
				CLANG_WARN_QUOTED_INCLUDE_IN_FRAMEWORK_HEADER = YES;
				CLANG_WARN_RANGE_LOOP_ANALYSIS = YES;
				CLANG_WARN_STRICT_PROTOTYPES = YES;
				CLANG_WARN_SUSPICIOUS_MOVE = YES;
				CLANG_WARN_UNGUARDED_AVAILABILITY = YES_AGGRESSIVE;
				CLANG_WARN_UNREACHABLE_CODE = YES;
				CLANG_WARN__DUPLICATE_METHOD_MATCH = YES;
				COPY_PHASE_STRIP = NO;
				DEBUG_INFORMATION_FORMAT = dwarf;
				ENABLE_STRICT_OBJC_MSGSEND = YES;
				ENABLE_TESTABILITY = YES;
				GCC_C_LANGUAGE_STANDARD = gnu11;
				GCC_DYNAMIC_NO_PIC = NO;
				GCC_NO_COMMON_BLOCKS = YES;
				GCC_OPTIMIZATION_LEVEL = 0;
				GCC_PREPROCESSOR_DEFINITIONS = (
					"DEBUG=1",
					"$(inherited)",
				);
				GCC_WARN_64_TO_32_BIT_CONVERSION = YES;
				GCC_WARN_ABOUT_RETURN_TYPE = YES_ERROR;
				GCC_WARN_UNDECLARED_SELECTOR = YES;
				GCC_WARN_UNINITIALIZED_AUTOS = YES_AGGRESSIVE;
				GCC_WARN_UNUSED_FUNCTION = YES;
				GCC_WARN_UNUSED_VARIABLE = YES;
				IPHONEOS_DEPLOYMENT_TARGET = 13.0;
				MTL_ENABLE_DEBUG_INFO = INCLUDE_SOURCE;
				MTL_FAST_MATH = YES;
				ONLY_ACTIVE_ARCH = YES;
				SDKROOT = iphoneos;
				SWIFT_ACTIVE_COMPILATION_CONDITIONS = DEBUG;
				SWIFT_OPTIMIZATION_LEVEL = "-Onone";
			};
			name = Debug;
		};
		840DDD6C2A6EAAA500CDE18B /* Release */ = {
			isa = XCBuildConfiguration;
			buildSettings = {
				ALWAYS_SEARCH_USER_PATHS = NO;
				CLANG_ANALYZER_NONNULL = YES;
				CLANG_ANALYZER_NUMBER_OBJECT_CONVERSION = YES_AGGRESSIVE;
				CLANG_CXX_LANGUAGE_STANDARD = "gnu++20";
				CLANG_ENABLE_MODULES = YES;
				CLANG_ENABLE_OBJC_ARC = YES;
				CLANG_ENABLE_OBJC_WEAK = YES;
				CLANG_WARN_BLOCK_CAPTURE_AUTORELEASING = YES;
				CLANG_WARN_BOOL_CONVERSION = YES;
				CLANG_WARN_COMMA = YES;
				CLANG_WARN_CONSTANT_CONVERSION = YES;
				CLANG_WARN_DEPRECATED_OBJC_IMPLEMENTATIONS = YES;
				CLANG_WARN_DIRECT_OBJC_ISA_USAGE = YES_ERROR;
				CLANG_WARN_DOCUMENTATION_COMMENTS = YES;
				CLANG_WARN_EMPTY_BODY = YES;
				CLANG_WARN_ENUM_CONVERSION = YES;
				CLANG_WARN_INFINITE_RECURSION = YES;
				CLANG_WARN_INT_CONVERSION = YES;
				CLANG_WARN_NON_LITERAL_NULL_CONVERSION = YES;
				CLANG_WARN_OBJC_IMPLICIT_RETAIN_SELF = YES;
				CLANG_WARN_OBJC_LITERAL_CONVERSION = YES;
				CLANG_WARN_OBJC_ROOT_CLASS = YES_ERROR;
				CLANG_WARN_QUOTED_INCLUDE_IN_FRAMEWORK_HEADER = YES;
				CLANG_WARN_RANGE_LOOP_ANALYSIS = YES;
				CLANG_WARN_STRICT_PROTOTYPES = YES;
				CLANG_WARN_SUSPICIOUS_MOVE = YES;
				CLANG_WARN_UNGUARDED_AVAILABILITY = YES_AGGRESSIVE;
				CLANG_WARN_UNREACHABLE_CODE = YES;
				CLANG_WARN__DUPLICATE_METHOD_MATCH = YES;
				COPY_PHASE_STRIP = NO;
				DEBUG_INFORMATION_FORMAT = "dwarf-with-dsym";
				ENABLE_NS_ASSERTIONS = NO;
				ENABLE_STRICT_OBJC_MSGSEND = YES;
				GCC_C_LANGUAGE_STANDARD = gnu11;
				GCC_NO_COMMON_BLOCKS = YES;
				GCC_WARN_64_TO_32_BIT_CONVERSION = YES;
				GCC_WARN_ABOUT_RETURN_TYPE = YES_ERROR;
				GCC_WARN_UNDECLARED_SELECTOR = YES;
				GCC_WARN_UNINITIALIZED_AUTOS = YES_AGGRESSIVE;
				GCC_WARN_UNUSED_FUNCTION = YES;
				GCC_WARN_UNUSED_VARIABLE = YES;
				IPHONEOS_DEPLOYMENT_TARGET = 13.0;
				MTL_ENABLE_DEBUG_INFO = NO;
				MTL_FAST_MATH = YES;
				SDKROOT = iphoneos;
				SWIFT_COMPILATION_MODE = wholemodule;
				SWIFT_OPTIMIZATION_LEVEL = "-O";
				VALIDATE_PRODUCT = YES;
			};
			name = Release;
		};
		840DDD6E2A6EAAA500CDE18B /* Debug */ = {
			isa = XCBuildConfiguration;
			buildSettings = {
				ASSETCATALOG_COMPILER_APPICON_NAME = AppIcon;
				ASSETCATALOG_COMPILER_GLOBAL_ACCENT_COLOR_NAME = AccentColor;
				CODE_SIGN_STYLE = Automatic;
				CURRENT_PROJECT_VERSION = 1;
				GENERATE_INFOPLIST_FILE = YES;
				INFOPLIST_FILE = iCrypto/Info.plist;
				INFOPLIST_KEY_UIApplicationSupportsIndirectInputEvents = YES;
				INFOPLIST_KEY_UILaunchStoryboardName = LaunchScreen;
				INFOPLIST_KEY_UISupportedInterfaceOrientations_iPad = "UIInterfaceOrientationPortrait UIInterfaceOrientationPortraitUpsideDown UIInterfaceOrientationLandscapeLeft UIInterfaceOrientationLandscapeRight";
				INFOPLIST_KEY_UISupportedInterfaceOrientations_iPhone = "UIInterfaceOrientationPortrait UIInterfaceOrientationLandscapeLeft UIInterfaceOrientationLandscapeRight";
				IPHONEOS_DEPLOYMENT_TARGET = 13.0;
				LD_RUNPATH_SEARCH_PATHS = (
					"$(inherited)",
					"@executable_path/Frameworks",
				);
				MARKETING_VERSION = 1.0;
				PRODUCT_BUNDLE_IDENTIFIER = com.ArinLi.iCrypto;
				PRODUCT_NAME = "$(TARGET_NAME)";
				SUPPORTED_PLATFORMS = "iphoneos iphonesimulator";
				SUPPORTS_MACCATALYST = NO;
				SUPPORTS_MAC_DESIGNED_FOR_IPHONE_IPAD = NO;
				SWIFT_EMIT_LOC_STRINGS = YES;
				SWIFT_VERSION = 5.0;
				TARGETED_DEVICE_FAMILY = "1,2";
			};
			name = Debug;
		};
		840DDD6F2A6EAAA500CDE18B /* Release */ = {
			isa = XCBuildConfiguration;
			buildSettings = {
				ASSETCATALOG_COMPILER_APPICON_NAME = AppIcon;
				ASSETCATALOG_COMPILER_GLOBAL_ACCENT_COLOR_NAME = AccentColor;
				CODE_SIGN_STYLE = Automatic;
				CURRENT_PROJECT_VERSION = 1;
				GENERATE_INFOPLIST_FILE = YES;
				INFOPLIST_FILE = iCrypto/Info.plist;
				INFOPLIST_KEY_UIApplicationSupportsIndirectInputEvents = YES;
				INFOPLIST_KEY_UILaunchStoryboardName = LaunchScreen;
				INFOPLIST_KEY_UISupportedInterfaceOrientations_iPad = "UIInterfaceOrientationPortrait UIInterfaceOrientationPortraitUpsideDown UIInterfaceOrientationLandscapeLeft UIInterfaceOrientationLandscapeRight";
				INFOPLIST_KEY_UISupportedInterfaceOrientations_iPhone = "UIInterfaceOrientationPortrait UIInterfaceOrientationLandscapeLeft UIInterfaceOrientationLandscapeRight";
				IPHONEOS_DEPLOYMENT_TARGET = 13.0;
				LD_RUNPATH_SEARCH_PATHS = (
					"$(inherited)",
					"@executable_path/Frameworks",
				);
				MARKETING_VERSION = 1.0;
				PRODUCT_BUNDLE_IDENTIFIER = com.ArinLi.iCrypto;
				PRODUCT_NAME = "$(TARGET_NAME)";
				SUPPORTED_PLATFORMS = "iphoneos iphonesimulator";
				SUPPORTS_MACCATALYST = NO;
				SUPPORTS_MAC_DESIGNED_FOR_IPHONE_IPAD = NO;
				SWIFT_EMIT_LOC_STRINGS = YES;
				SWIFT_VERSION = 5.0;
				TARGETED_DEVICE_FAMILY = "1,2";
			};
			name = Release;
		};
/* End XCBuildConfiguration section */

/* Begin XCConfigurationList section */
		840DDD542A6EAAA400CDE18B /* Build configuration list for PBXProject "iCrypto" */ = {
			isa = XCConfigurationList;
			buildConfigurations = (
				840DDD6B2A6EAAA500CDE18B /* Debug */,
				840DDD6C2A6EAAA500CDE18B /* Release */,
			);
			defaultConfigurationIsVisible = 0;
			defaultConfigurationName = Release;
		};
		840DDD6D2A6EAAA500CDE18B /* Build configuration list for PBXNativeTarget "iCrypto" */ = {
			isa = XCConfigurationList;
			buildConfigurations = (
				840DDD6E2A6EAAA500CDE18B /* Debug */,
				840DDD6F2A6EAAA500CDE18B /* Release */,
			);
			defaultConfigurationIsVisible = 0;
			defaultConfigurationName = Release;
		};
/* End XCConfigurationList section */

/* Begin XCRemoteSwiftPackageReference section */
		848CA8462A72BD21007224CA /* XCRemoteSwiftPackageReference "SDWebImage" */ = {
			isa = XCRemoteSwiftPackageReference;
			repositoryURL = "https://github.com/SDWebImage/SDWebImage";
			requirement = {
				kind = upToNextMajorVersion;
				minimumVersion = 5.0.0;
			};
		};
/* End XCRemoteSwiftPackageReference section */

/* Begin XCSwiftPackageProductDependency section */
		848CA8472A72BD21007224CA /* SDWebImage */ = {
			isa = XCSwiftPackageProductDependency;
			package = 848CA8462A72BD21007224CA /* XCRemoteSwiftPackageReference "SDWebImage" */;
			productName = SDWebImage;
		};
/* End XCSwiftPackageProductDependency section */
	};
	rootObject = 840DDD512A6EAAA400CDE18B /* Project object */;
}
